
Microsoft Visual Studio Solution File, Format Version 12.00
# Visual Studio Version 17
VisualStudioVersion = 17.13.35806.99 d17.13
MinimumVisualStudioVersion = 10.0.40219.1
Project("{FAE04EC0-301F-11D3-BF4B-00C04F79EFBC}") = "HealSync", "HealSync\HealSync.csproj", "{F5FC89EB-5850-4641-B1DC-1713384ED003}"
EndProject
Global
	GlobalSection(SolutionConfigurationPlatforms) = preSolution
		Debug|Any CPU = Debug|Any CPU
		Release|Any CPU = Release|Any CPU
	EndGlobalSection
	GlobalSection(ProjectConfigurationPlatforms) = postSolution
		{F5FC89EB-5850-4641-B1DC-1713384ED003}.Debug|Any CPU.ActiveCfg = Debug|Any CPU
		{F5FC89EB-5850-4641-B1DC-1713384ED003}.Debug|Any CPU.Build.0 = Debug|Any CPU
		{F5FC89EB-5850-4641-B1DC-1713384ED003}.Release|Any CPU.ActiveCfg = Release|Any CPU
		{F5FC89EB-5850-4641-B1DC-1713384ED003}.Release|Any CPU.Build.0 = Release|Any CPU
	EndGlobalSection
	GlobalSection(SolutionProperties) = preSolution
		HideSolutionNode = FALSE
	EndGlobalSection
	GlobalSection(ExtensibilityGlobals) = postSolution
		SolutionGuid = {3B96BA8A-BD3F-4321-A38E-B4C3A9FDC3C7}
	EndGlobalSection
EndGlobal
